// !$*UTF8*$!
{
	archiveVersion = 1;
	classes = {
	};
	objectVersion = 51;
	objects = {

/* Begin PBXBuildFile section */
		0D2CE8247BB18ADB688D2C8E /* Pods_FinanceApp.framework in Frameworks */ = {isa = PBXBuildFile; fileRef = 80CB36DCEF6ED6C0898A07F8 /* Pods_FinanceApp.framework */; };
		FA204BC7247FC1E40080D164 /* LastOrdersCell.swift in Sources */ = {isa = PBXBuildFile; fileRef = FA204BC6247FC1E40080D164 /* LastOrdersCell.swift */; };
		FA204BC9247FC2200080D164 /* Constraints.swift in Sources */ = {isa = PBXBuildFile; fileRef = FA204BC8247FC2200080D164 /* Constraints.swift */; };
		FA3330F0247E84F600BCBE41 /* AppDelegate.swift in Sources */ = {isa = PBXBuildFile; fileRef = FA3330EF247E84F600BCBE41 /* AppDelegate.swift */; };
		FA3330F2247E84F600BCBE41 /* SceneDelegate.swift in Sources */ = {isa = PBXBuildFile; fileRef = FA3330F1247E84F600BCBE41 /* SceneDelegate.swift */; };
		FA3330F4247E84F600BCBE41 /* DashBoardController.swift in Sources */ = {isa = PBXBuildFile; fileRef = FA3330F3247E84F600BCBE41 /* DashBoardController.swift */; };
		FA3330F9247E84FA00BCBE41 /* Assets.xcassets in Resources */ = {isa = PBXBuildFile; fileRef = FA3330F8247E84FA00BCBE41 /* Assets.xcassets */; };
		FA3330FC247E84FA00BCBE41 /* LaunchScreen.storyboard in Resources */ = {isa = PBXBuildFile; fileRef = FA3330FA247E84FA00BCBE41 /* LaunchScreen.storyboard */; };
		FA333106247E866F00BCBE41 /* TopView.swift in Sources */ = {isa = PBXBuildFile; fileRef = FA333105247E866F00BCBE41 /* TopView.swift */; };
		FA333109247E86DC00BCBE41 /* HexColors.swift in Sources */ = {isa = PBXBuildFile; fileRef = FA333108247E86DC00BCBE41 /* HexColors.swift */; };
		FA33310B247E872600BCBE41 /* NotificationsController.swift in Sources */ = {isa = PBXBuildFile; fileRef = FA33310A247E872600BCBE41 /* NotificationsController.swift */; };
		FA5D7970247E99AD002F3F15 /* GradientColor.swift in Sources */ = {isa = PBXBuildFile; fileRef = FA5D796F247E99AD002F3F15 /* GradientColor.swift */; };
		FAEC11AD24839C9C00187B8B /* NotificationCell.swift in Sources */ = {isa = PBXBuildFile; fileRef = FAEC11AC24839C9C00187B8B /* NotificationCell.swift */; };
/* End PBXBuildFile section */

/* Begin PBXFileReference section */
		80CB36DCEF6ED6C0898A07F8 /* Pods_FinanceApp.framework */ = {isa = PBXFileReference; explicitFileType = wrapper.framework; includeInIndex = 0; path = Pods_FinanceApp.framework; sourceTree = BUILT_PRODUCTS_DIR; };
		CB39BB8AE7A7B01D8E302047 /* Pods-FinanceApp.release.xcconfig */ = {isa = PBXFileReference; includeInIndex = 1; lastKnownFileType = text.xcconfig; name = "Pods-FinanceApp.release.xcconfig"; path = "Target Support Files/Pods-FinanceApp/Pods-FinanceApp.release.xcconfig"; sourceTree = "<group>"; };
		F3E63215A7B7E92E4A1018BD /* Pods-FinanceApp.debug.xcconfig */ = {isa = PBXFileReference; includeInIndex = 1; lastKnownFileType = text.xcconfig; name = "Pods-FinanceApp.debug.xcconfig"; path = "Target Support Files/Pods-FinanceApp/Pods-FinanceApp.debug.xcconfig"; sourceTree = "<group>"; };
		FA204BC6247FC1E40080D164 /* LastOrdersCell.swift */ = {isa = PBXFileReference; lastKnownFileType = sourcecode.swift; path = LastOrdersCell.swift; sourceTree = "<group>"; };
		FA204BC8247FC2200080D164 /* Constraints.swift */ = {isa = PBXFileReference; lastKnownFileType = sourcecode.swift; path = Constraints.swift; sourceTree = "<group>"; };
		FA3330EC247E84F600BCBE41 /* FinanceApp.app */ = {isa = PBXFileReference; explicitFileType = wrapper.application; includeInIndex = 0; path = FinanceApp.app; sourceTree = BUILT_PRODUCTS_DIR; };
		FA3330EF247E84F600BCBE41 /* AppDelegate.swift */ = {isa = PBXFileReference; lastKnownFileType = sourcecode.swift; path = AppDelegate.swift; sourceTree = "<group>"; };
		FA3330F1247E84F600BCBE41 /* SceneDelegate.swift */ = {isa = PBXFileReference; lastKnownFileType = sourcecode.swift; path = SceneDelegate.swift; sourceTree = "<group>"; };
		FA3330F3247E84F600BCBE41 /* DashBoardController.swift */ = {isa = PBXFileReference; lastKnownFileType = sourcecode.swift; path = DashBoardController.swift; sourceTree = "<group>"; };
		FA3330F8247E84FA00BCBE41 /* Assets.xcassets */ = {isa = PBXFileReference; lastKnownFileType = folder.assetcatalog; path = Assets.xcassets; sourceTree = "<group>"; };
		FA3330FB247E84FA00BCBE41 /* Base */ = {isa = PBXFileReference; lastKnownFileType = file.storyboard; name = Base; path = Base.lproj/LaunchScreen.storyboard; sourceTree = "<group>"; };
		FA3330FD247E84FA00BCBE41 /* Info.plist */ = {isa = PBXFileReference; lastKnownFileType = text.plist.xml; path = Info.plist; sourceTree = "<group>"; };
		FA333105247E866F00BCBE41 /* TopView.swift */ = {isa = PBXFileReference; lastKnownFileType = sourcecode.swift; path = TopView.swift; sourceTree = "<group>"; };
		FA333108247E86DC00BCBE41 /* HexColors.swift */ = {isa = PBXFileReference; lastKnownFileType = sourcecode.swift; path = HexColors.swift; sourceTree = "<group>"; };
		FA33310A247E872600BCBE41 /* NotificationsController.swift */ = {isa = PBXFileReference; lastKnownFileType = sourcecode.swift; path = NotificationsController.swift; sourceTree = "<group>"; };
		FA5D796F247E99AD002F3F15 /* GradientColor.swift */ = {isa = PBXFileReference; lastKnownFileType = sourcecode.swift; path = GradientColor.swift; sourceTree = "<group>"; };
		FAEC11AC24839C9C00187B8B /* NotificationCell.swift */ = {isa = PBXFileReference; lastKnownFileType = sourcecode.swift; path = NotificationCell.swift; sourceTree = "<group>"; };
/* End PBXFileReference section */

/* Begin PBXFrameworksBuildPhase section */
		FA3330E9247E84F600BCBE41 /* Frameworks */ = {
			isa = PBXFrameworksBuildPhase;
			buildActionMask = 2147483647;
			files = (
				0D2CE8247BB18ADB688D2C8E /* Pods_FinanceApp.framework in Frameworks */,
			);
			runOnlyForDeploymentPostprocessing = 0;
		};
/* End PBXFrameworksBuildPhase section */

/* Begin PBXGroup section */
		0E98F5A5F894DAAD0196AC4C /* Frameworks */ = {
			isa = PBXGroup;
			children = (
				80CB36DCEF6ED6C0898A07F8 /* Pods_FinanceApp.framework */,
			);
			name = Frameworks;
			sourceTree = "<group>";
		};
		2D6C9127C6B5CE8AE7F93D46 /* Pods */ = {
			isa = PBXGroup;
			children = (
				F3E63215A7B7E92E4A1018BD /* Pods-FinanceApp.debug.xcconfig */,
				CB39BB8AE7A7B01D8E302047 /* Pods-FinanceApp.release.xcconfig */,
			);
			path = Pods;
			sourceTree = "<group>";
		};
		FA3330E3247E84F500BCBE41 = {
			isa = PBXGroup;
			children = (
				FA3330EE247E84F600BCBE41 /* FinanceApp */,
				FA3330ED247E84F600BCBE41 /* Products */,
				2D6C9127C6B5CE8AE7F93D46 /* Pods */,
				0E98F5A5F894DAAD0196AC4C /* Frameworks */,
			);
			sourceTree = "<group>";
		};
		FA3330ED247E84F600BCBE41 /* Products */ = {
			isa = PBXGroup;
			children = (
				FA3330EC247E84F600BCBE41 /* FinanceApp.app */,
			);
			name = Products;
			sourceTree = "<group>";
		};
		FA3330EE247E84F600BCBE41 /* FinanceApp */ = {
			isa = PBXGroup;
			children = (
				FA3330EF247E84F600BCBE41 /* AppDelegate.swift */,
				FA3330F1247E84F600BCBE41 /* SceneDelegate.swift */,
				FA333103247E863A00BCBE41 /* Controllers */,
				FA333104247E865100BCBE41 /* View */,
				FA333107247E86B100BCBE41 /* Extensions */,
				FA3330F8247E84FA00BCBE41 /* Assets.xcassets */,
				FA3330FA247E84FA00BCBE41 /* LaunchScreen.storyboard */,
				FA3330FD247E84FA00BCBE41 /* Info.plist */,
			);
			path = FinanceApp;
			sourceTree = "<group>";
		};
		FA333103247E863A00BCBE41 /* Controllers */ = {
			isa = PBXGroup;
			children = (
				FA3330F3247E84F600BCBE41 /* DashBoardController.swift */,
				FA33310A247E872600BCBE41 /* NotificationsController.swift */,
			);
			path = Controllers;
			sourceTree = "<group>";
		};
		FA333104247E865100BCBE41 /* View */ = {
			isa = PBXGroup;
			children = (
				FA333105247E866F00BCBE41 /* TopView.swift */,
				FA204BC6247FC1E40080D164 /* LastOrdersCell.swift */,
				FAEC11AC24839C9C00187B8B /* NotificationCell.swift */,
			);
			path = View;
			sourceTree = "<group>";
		};
		FA333107247E86B100BCBE41 /* Extensions */ = {
			isa = PBXGroup;
			children = (
				FA333108247E86DC00BCBE41 /* HexColors.swift */,
				FA5D796F247E99AD002F3F15 /* GradientColor.swift */,
				FA204BC8247FC2200080D164 /* Constraints.swift */,
			);
			path = Extensions;
			sourceTree = "<group>";
		};
/* End PBXGroup section */

/* Begin PBXNativeTarget section */
		FA3330EB247E84F600BCBE41 /* FinanceApp */ = {
			isa = PBXNativeTarget;
			buildConfigurationList = FA333100247E84FA00BCBE41 /* Build configuration list for PBXNativeTarget "FinanceApp" */;
			buildPhases = (
				D894594A2FE799CC1A8E906A /* [CP] Check Pods Manifest.lock */,
				FA3330E8247E84F600BCBE41 /* Sources */,
				FA3330E9247E84F600BCBE41 /* Frameworks */,
				FA3330EA247E84F600BCBE41 /* Resources */,
				14F7633A7ABEDF727D2147AC /* [CP] Embed Pods Frameworks */,
			);
			buildRules = (
			);
			dependencies = (
			);
			name = FinanceApp;
			productName = FinanceApp;
			productReference = FA3330EC247E84F600BCBE41 /* FinanceApp.app */;
			productType = "com.apple.product-type.application";
		};
/* End PBXNativeTarget section */

/* Begin PBXProject section */
		FA3330E4247E84F500BCBE41 /* Project object */ = {
			isa = PBXProject;
			attributes = {
				LastSwiftUpdateCheck = 1130;
				LastUpgradeCheck = 1130;
				ORGANIZATIONNAME = "Ayman ";
				TargetAttributes = {
					FA3330EB247E84F600BCBE41 = {
						CreatedOnToolsVersion = 11.3.1;
					};
				};
			};
			buildConfigurationList = FA3330E7247E84F500BCBE41 /* Build configuration list for PBXProject "FinanceApp" */;
			compatibilityVersion = "Xcode 9.3";
			developmentRegion = en;
			hasScannedForEncodings = 0;
			knownRegions = (
				en,
				Base,
			);
			mainGroup = FA3330E3247E84F500BCBE41;
			productRefGroup = FA3330ED247E84F600BCBE41 /* Products */;
			projectDirPath = "";
			projectRoot = "";
			targets = (
				FA3330EB247E84F600BCBE41 /* FinanceApp */,
			);
		};
/* End PBXProject section */

/* Begin PBXResourcesBuildPhase section */
		FA3330EA247E84F600BCBE41 /* Resources */ = {
			isa = PBXResourcesBuildPhase;
			buildActionMask = 2147483647;
			files = (
				FA3330FC247E84FA00BCBE41 /* LaunchScreen.storyboard in Resources */,
				FA3330F9247E84FA00BCBE41 /* Assets.xcassets in Resources */,
			);
			runOnlyForDeploymentPostprocessing = 0;
		};
/* End PBXResourcesBuildPhase section */

/* Begin PBXShellScriptBuildPhase section */
		14F7633A7ABEDF727D2147AC /* [CP] Embed Pods Frameworks */ = {
			isa = PBXShellScriptBuildPhase;
			buildActionMask = 2147483647;
			files = (
			);
			inputFileListPaths = (
				"${PODS_ROOT}/Target Support Files/Pods-FinanceApp/Pods-FinanceApp-frameworks-${CONFIGURATION}-input-files.xcfilelist",
			);
			name = "[CP] Embed Pods Frameworks";
			outputFileListPaths = (
				"${PODS_ROOT}/Target Support Files/Pods-FinanceApp/Pods-FinanceApp-frameworks-${CONFIGURATION}-output-files.xcfilelist",
			);
			runOnlyForDeploymentPostprocessing = 0;
			shellPath = /bin/sh;
			shellScript = "\"${PODS_ROOT}/Target Support Files/Pods-FinanceApp/Pods-FinanceApp-frameworks.sh\"\n";
			showEnvVarsInLog = 0;
		};
		D894594A2FE799CC1A8E906A /* [CP] Check Pods Manifest.lock */ = {
			isa = PBXShellScriptBuildPhase;
			buildActionMask = 2147483647;
			files = (
			);
			inputFileListPaths = (
			);
			inputPaths = (
				"${PODS_PODFILE_DIR_PATH}/Podfile.lock",
				"${PODS_ROOT}/Manifest.lock",
			);
			name = "[CP] Check Pods Manifest.lock";
			outputFileListPaths = (
			);
			outputPaths = (
				"$(DERIVED_FILE_DIR)/Pods-FinanceApp-checkManifestLockResult.txt",
			);
			runOnlyForDeploymentPostprocessing = 0;
			shellPath = /bin/sh;
			shellScript = "diff \"${PODS_PODFILE_DIR_PATH}/Podfile.lock\" \"${PODS_ROOT}/Manifest.lock\" > /dev/null\nif [ $? != 0 ] ; then\n    # print error to STDERR\n    echo \"error: The sandbox is not in sync with the Podfile.lock. Run 'pod install' or update your CocoaPods installation.\" >&2\n    exit 1\nfi\n# This output is used by Xcode 'outputs' to avoid re-running this script phase.\necho \"SUCCESS\" > \"${SCRIPT_OUTPUT_FILE_0}\"\n";
			showEnvVarsInLog = 0;
		};
/* End PBXShellScriptBuildPhase section */

/* Begin PBXSourcesBuildPhase section */
		FA3330E8247E84F600BCBE41 /* Sources */ = {
			isa = PBXSourcesBuildPhase;
			buildActionMask = 2147483647;
			files = (
				FA3330F4247E84F600BCBE41 /* DashBoardController.swift in Sources */,
				FAEC11AD24839C9C00187B8B /* NotificationCell.swift in Sources */,
				FA5D7970247E99AD002F3F15 /* GradientColor.swift in Sources */,
				FA204BC7247FC1E40080D164 /* LastOrdersCell.swift in Sources */,
				FA3330F0247E84F600BCBE41 /* AppDelegate.swift in Sources */,
				FA204BC9247FC2200080D164 /* Constraints.swift in Sources */,
				FA33310B247E872600BCBE41 /* NotificationsController.swift in Sources */,
				FA333109247E86DC00BCBE41 /* HexColors.swift in Sources */,
				FA333106247E866F00BCBE41 /* TopView.swift in Sources */,
				FA3330F2247E84F600BCBE41 /* SceneDelegate.swift in Sources */,
			);
			runOnlyForDeploymentPostprocessing = 0;
		};
/* End PBXSourcesBuildPhase section */

/* Begin PBXVariantGroup section */
		FA3330FA247E84FA00BCBE41 /* LaunchScreen.storyboard */ = {
			isa = PBXVariantGroup;
			children = (
				FA3330FB247E84FA00BCBE41 /* Base */,
			);
			name = LaunchScreen.storyboard;
			sourceTree = "<group>";
		};
/* End PBXVariantGroup section */

/* Begin XCBuildConfiguration section */
		FA3330FE247E84FA00BCBE41 /* Debug */ = {
			isa = XCBuildConfiguration;
			buildSettings = {
				ALWAYS_SEARCH_USER_PATHS = NO;
				CLANG_ANALYZER_NONNULL = YES;
				CLANG_ANALYZER_NUMBER_OBJECT_CONVERSION = YES_AGGRESSIVE;
				CLANG_CXX_LANGUAGE_STANDARD = "gnu++14";
				CLANG_CXX_LIBRARY = "libc++";
				CLANG_ENABLE_MODULES = YES;
				CLANG_ENABLE_OBJC_ARC = YES;
				CLANG_ENABLE_OBJC_WEAK = YES;
				CLANG_WARN_BLOCK_CAPTURE_AUTORELEASING = YES;
				CLANG_WARN_BOOL_CONVERSION = YES;
				CLANG_WARN_COMMA = YES;
				CLANG_WARN_CONSTANT_CONVERSION = YES;
				CLANG_WARN_DEPRECATED_OBJC_IMPLEMENTATIONS = YES;
				CLANG_WARN_DIRECT_OBJC_ISA_USAGE = YES_ERROR;
				CLANG_WARN_DOCUMENTATION_COMMENTS = YES;
				CLANG_WARN_EMPTY_BODY = YES;
				CLANG_WARN_ENUM_CONVERSION = YES;
				CLANG_WARN_INFINITE_RECURSION = YES;
				CLANG_WARN_INT_CONVERSION = YES;
				CLANG_WARN_NON_LITERAL_NULL_CONVERSION = YES;
				CLANG_WARN_OBJC_IMPLICIT_RETAIN_SELF = YES;
				CLANG_WARN_OBJC_LITERAL_CONVERSION = YES;
				CLANG_WARN_OBJC_ROOT_CLASS = YES_ERROR;
				CLANG_WARN_RANGE_LOOP_ANALYSIS = YES;
				CLANG_WARN_STRICT_PROTOTYPES = YES;
				CLANG_WARN_SUSPICIOUS_MOVE = YES;
				CLANG_WARN_UNGUARDED_AVAILABILITY = YES_AGGRESSIVE;
				CLANG_WARN_UNREACHABLE_CODE = YES;
				CLANG_WARN__DUPLICATE_METHOD_MATCH = YES;
				COPY_PHASE_STRIP = NO;
				DEBUG_INFORMATION_FORMAT = dwarf;
				ENABLE_STRICT_OBJC_MSGSEND = YES;
				ENABLE_TESTABILITY = YES;
				GCC_C_LANGUAGE_STANDARD = gnu11;
				GCC_DYNAMIC_NO_PIC = NO;
				GCC_NO_COMMON_BLOCKS = YES;
				GCC_OPTIMIZATION_LEVEL = 0;
				GCC_PREPROCESSOR_DEFINITIONS = (
					"DEBUG=1",
					"$(inherited)",
				);
				GCC_WARN_64_TO_32_BIT_CONVERSION = YES;
				GCC_WARN_ABOUT_RETURN_TYPE = YES_ERROR;
				GCC_WARN_UNDECLARED_SELECTOR = YES;
				GCC_WARN_UNINITIALIZED_AUTOS = YES_AGGRESSIVE;
				GCC_WARN_UNUSED_FUNCTION = YES;
				GCC_WARN_UNUSED_VARIABLE = YES;
				IPHONEOS_DEPLOYMENT_TARGET = 13.2;
				MTL_ENABLE_DEBUG_INFO = INCLUDE_SOURCE;
				MTL_FAST_MATH = YES;
				ONLY_ACTIVE_ARCH = YES;
				SDKROOT = iphoneos;
				SWIFT_ACTIVE_COMPILATION_CONDITIONS = DEBUG;
				SWIFT_OPTIMIZATION_LEVEL = "-Onone";
			};
			name = Debug;
		};
		FA3330FF247E84FA00BCBE41 /* Release */ = {
			isa = XCBuildConfiguration;
			buildSettings = {
				ALWAYS_SEARCH_USER_PATHS = NO;
				CLANG_ANALYZER_NONNULL = YES;
				CLANG_ANALYZER_NUMBER_OBJECT_CONVERSION = YES_AGGRESSIVE;
				CLANG_CXX_LANGUAGE_STANDARD = "gnu++14";
				CLANG_CXX_LIBRARY = "libc++";
				CLANG_ENABLE_MODULES = YES;
				CLANG_ENABLE_OBJC_ARC = YES;
				CLANG_ENABLE_OBJC_WEAK = YES;
				CLANG_WARN_BLOCK_CAPTURE_AUTORELEASING = YES;
				CLANG_WARN_BOOL_CONVERSION = YES;
				CLANG_WARN_COMMA = YES;
				CLANG_WARN_CONSTANT_CONVERSION = YES;
				CLANG_WARN_DEPRECATED_OBJC_IMPLEMENTATIONS = YES;
				CLANG_WARN_DIRECT_OBJC_ISA_USAGE = YES_ERROR;
				CLANG_WARN_DOCUMENTATION_COMMENTS = YES;
				CLANG_WARN_EMPTY_BODY = YES;
				CLANG_WARN_ENUM_CONVERSION = YES;
				CLANG_WARN_INFINITE_RECURSION = YES;
				CLANG_WARN_INT_CONVERSION = YES;
				CLANG_WARN_NON_LITERAL_NULL_CONVERSION = YES;
				CLANG_WARN_OBJC_IMPLICIT_RETAIN_SELF = YES;
				CLANG_WARN_OBJC_LITERAL_CONVERSION = YES;
				CLANG_WARN_OBJC_ROOT_CLASS = YES_ERROR;
				CLANG_WARN_RANGE_LOOP_ANALYSIS = YES;
				CLANG_WARN_STRICT_PROTOTYPES = YES;
				CLANG_WARN_SUSPICIOUS_MOVE = YES;
				CLANG_WARN_UNGUARDED_AVAILABILITY = YES_AGGRESSIVE;
				CLANG_WARN_UNREACHABLE_CODE = YES;
				CLANG_WARN__DUPLICATE_METHOD_MATCH = YES;
				COPY_PHASE_STRIP = NO;
				DEBUG_INFORMATION_FORMAT = "dwarf-with-dsym";
				ENABLE_NS_ASSERTIONS = NO;
				ENABLE_STRICT_OBJC_MSGSEND = YES;
				GCC_C_LANGUAGE_STANDARD = gnu11;
				GCC_NO_COMMON_BLOCKS = YES;
				GCC_WARN_64_TO_32_BIT_CONVERSION = YES;
				GCC_WARN_ABOUT_RETURN_TYPE = YES_ERROR;
				GCC_WARN_UNDECLARED_SELECTOR = YES;
				GCC_WARN_UNINITIALIZED_AUTOS = YES_AGGRESSIVE;
				GCC_WARN_UNUSED_FUNCTION = YES;
				GCC_WARN_UNUSED_VARIABLE = YES;
				IPHONEOS_DEPLOYMENT_TARGET = 13.2;
				MTL_ENABLE_DEBUG_INFO = NO;
				MTL_FAST_MATH = YES;
				SDKROOT = iphoneos;
				SWIFT_COMPILATION_MODE = wholemodule;
				SWIFT_OPTIMIZATION_LEVEL = "-O";
				VALIDATE_PRODUCT = YES;
			};
			name = Release;
		};
		FA333101247E84FA00BCBE41 /* Debug */ = {
			isa = XCBuildConfiguration;
			baseConfigurationReference = F3E63215A7B7E92E4A1018BD /* Pods-FinanceApp.debug.xcconfig */;
			buildSettings = {
				ASSETCATALOG_COMPILER_APPICON_NAME = AppIcon;
				CODE_SIGN_STYLE = Automatic;
				DEVELOPMENT_TEAM = 666BAPS643;
				INFOPLIST_FILE = FinanceApp/Info.plist;
				LD_RUNPATH_SEARCH_PATHS = (
					"$(inherited)",
					"@executable_path/Frameworks",
				);
				PRODUCT_BUNDLE_IDENTIFIER = abuMutair.FinanceApp;
				PRODUCT_NAME = "$(TARGET_NAME)";
				SWIFT_VERSION = 5.0;
				TARGETED_DEVICE_FAMILY = "1,2";
			};
			name = Debug;
		};
		FA333102247E84FA00BCBE41 /* Release */ = {
			isa = XCBuildConfiguration;
			baseConfigurationReference = CB39BB8AE7A7B01D8E302047 /* Pods-FinanceApp.release.xcconfig */;
			buildSettings = {
				ASSETCATALOG_COMPILER_APPICON_NAME = AppIcon;
				CODE_SIGN_STYLE = Automatic;
				DEVELOPMENT_TEAM = 666BAPS643;
				INFOPLIST_FILE = FinanceApp/Info.plist;
				LD_RUNPATH_SEARCH_PATHS = (
					"$(inherited)",
					"@executable_path/Frameworks",
				);
				PRODUCT_BUNDLE_IDENTIFIER = abuMutair.FinanceApp;
				PRODUCT_NAME = "$(TARGET_NAME)";
				SWIFT_VERSION = 5.0;
				TARGETED_DEVICE_FAMILY = "1,2";
			};
			name = Release;
		};
/* End XCBuildConfiguration section */

/* Begin XCConfigurationList section */
		FA3330E7247E84F500BCBE41 /* Build configuration list for PBXProject "FinanceApp" */ = {
			isa = XCConfigurationList;
			buildConfigurations = (
				FA3330FE247E84FA00BCBE41 /* Debug */,
				FA3330FF247E84FA00BCBE41 /* Release */,
			);
			defaultConfigurationIsVisible = 0;
			defaultConfigurationName = Release;
		};
		FA333100247E84FA00BCBE41 /* Build configuration list for PBXNativeTarget "FinanceApp" */ = {
			isa = XCConfigurationList;
			buildConfigurations = (
				FA333101247E84FA00BCBE41 /* Debug */,
				FA333102247E84FA00BCBE41 /* Release */,
			);
			defaultConfigurationIsVisible = 0;
			defaultConfigurationName = Release;
		};
/* End XCConfigurationList section */
	};
	rootObject = FA3330E4247E84F500BCBE41 /* Project object */;
}
